
Microsoft Visual Studio Solution File, Format Version 12.00
# Visual Studio 15
VisualStudioVersion = 15.0.27924.0
MinimumVisualStudioVersion = 10.0.40219.1
Project("{FAE04EC0-301F-11D3-BF4B-00C04F79EFBC}") = "Paran.ApiMonitoring.Presentation.WebApi", "src\Paran.ApiMonitoring.Presentation.WebApi\Paran.ApiMonitoring.Presentation.WebApi.csproj", "{3C509FE6-9BF4-41F7-9261-2096F353C570}"
EndProject
Global
	GlobalSection(SolutionConfigurationPlatforms) = preSolution
		Debug|Any CPU = Debug|Any CPU
		Release|Any CPU = Release|Any CPU
	EndGlobalSection
	GlobalSection(ProjectConfigurationPlatforms) = postSolution
		{3C509FE6-9BF4-41F7-9261-2096F353C570}.Debug|Any CPU.ActiveCfg = Debug|Any CPU
		{3C509FE6-9BF4-41F7-9261-2096F353C570}.Debug|Any CPU.Build.0 = Debug|Any CPU
		{3C509FE6-9BF4-41F7-9261-2096F353C570}.Release|Any CPU.ActiveCfg = Release|Any CPU
		{3C509FE6-9BF4-41F7-9261-2096F353C570}.Release|Any CPU.Build.0 = Release|Any CPU
	EndGlobalSection
	GlobalSection(SolutionProperties) = preSolution
		HideSolutionNode = FALSE
	EndGlobalSection
	GlobalSection(ExtensibilityGlobals) = postSolution
		SolutionGuid = {55AA90EC-0CE0-4C38-8853-B7B644C2B760}
	EndGlobalSection
EndGlobal
